
Microsoft Visual Studio Solution File, Format Version 12.00
# Visual Studio Version 16
VisualStudioVersion = 16.0.29509.3
MinimumVisualStudioVersion = 10.0.40219.1
Project("{FAE04EC0-301F-11D3-BF4B-00C04F79EFBC}") = "UDPClientServer", "UDPClientServer.csproj", "{DA7CE11A-3EFD-4375-B420-0A18A6D65F31}"
EndProject
Global
	GlobalSection(SolutionConfigurationPlatforms) = preSolution
		Debug|Any CPU = Debug|Any CPU
		Release|Any CPU = Release|Any CPU
	EndGlobalSection
	GlobalSection(ProjectConfigurationPlatforms) = postSolution
		{DA7CE11A-3EFD-4375-B420-0A18A6D65F31}.Debug|Any CPU.ActiveCfg = Debug|Any CPU
		{DA7CE11A-3EFD-4375-B420-0A18A6D65F31}.Debug|Any CPU.Build.0 = Debug|Any CPU
		{DA7CE11A-3EFD-4375-B420-0A18A6D65F31}.Release|Any CPU.ActiveCfg = Release|Any CPU
		{DA7CE11A-3EFD-4375-B420-0A18A6D65F31}.Release|Any CPU.Build.0 = Release|Any CPU
	EndGlobalSection
	GlobalSection(SolutionProperties) = preSolution
		HideSolutionNode = FALSE
	EndGlobalSection
	GlobalSection(ExtensibilityGlobals) = postSolution
		SolutionGuid = {49919202-5FFA-4333-B564-FCC0C3F6174D}
	EndGlobalSection
EndGlobal
